
Microsoft Visual Studio Solution File, Format Version 12.00
# Visual Studio 2012
Project("{FAE04EC0-301F-11D3-BF4B-00C04F79EFBC}") = "hadafpish", "hadafpish\hadafpish.csproj", "{0C733A3A-4693-485F-896A-2CDC7A4B9187}"
EndProject
Project("{FAE04EC0-301F-11D3-BF4B-00C04F79EFBC}") = "Common", "Common\Common.csproj", "{DB24E9A3-125A-4EE2-BAF5-AE85F61F5C34}"
EndProject
Project("{FAE04EC0-301F-11D3-BF4B-00C04F79EFBC}") = "DataAccess", "DataAccess\DataAccess.csproj", "{73F56631-A876-4DAC-8F7C-21C2FF69ECC3}"
EndProject
Global
	GlobalSection(SolutionConfigurationPlatforms) = preSolution
		Debug|Any CPU = Debug|Any CPU
		Release|Any CPU = Release|Any CPU
	EndGlobalSection
	GlobalSection(ProjectConfigurationPlatforms) = postSolution
		{0C733A3A-4693-485F-896A-2CDC7A4B9187}.Debug|Any CPU.ActiveCfg = Debug|Any CPU
		{0C733A3A-4693-485F-896A-2CDC7A4B9187}.Debug|Any CPU.Build.0 = Debug|Any CPU
		{0C733A3A-4693-485F-896A-2CDC7A4B9187}.Release|Any CPU.ActiveCfg = Release|Any CPU
		{0C733A3A-4693-485F-896A-2CDC7A4B9187}.Release|Any CPU.Build.0 = Release|Any CPU
		{DB24E9A3-125A-4EE2-BAF5-AE85F61F5C34}.Debug|Any CPU.ActiveCfg = Debug|Any CPU
		{DB24E9A3-125A-4EE2-BAF5-AE85F61F5C34}.Debug|Any CPU.Build.0 = Debug|Any CPU
		{DB24E9A3-125A-4EE2-BAF5-AE85F61F5C34}.Release|Any CPU.ActiveCfg = Release|Any CPU
		{DB24E9A3-125A-4EE2-BAF5-AE85F61F5C34}.Release|Any CPU.Build.0 = Release|Any CPU
		{73F56631-A876-4DAC-8F7C-21C2FF69ECC3}.Debug|Any CPU.ActiveCfg = Debug|Any CPU
		{73F56631-A876-4DAC-8F7C-21C2FF69ECC3}.Debug|Any CPU.Build.0 = Debug|Any CPU
		{73F56631-A876-4DAC-8F7C-21C2FF69ECC3}.Release|Any CPU.ActiveCfg = Release|Any CPU
		{73F56631-A876-4DAC-8F7C-21C2FF69ECC3}.Release|Any CPU.Build.0 = Release|Any CPU
	EndGlobalSection
	GlobalSection(SolutionProperties) = preSolution
		HideSolutionNode = FALSE
	EndGlobalSection
EndGlobal
